
Microsoft Visual Studio Solution File, Format Version 12.00
# Visual Studio Version 16
VisualStudioVersion = 16.0.30413.136
MinimumVisualStudioVersion = 10.0.40219.1
Project("{9A19103F-16F7-4668-BE54-9A1E7A4F7556}") = "ZombieParty2", "ZombieParty2\ZombieParty2.csproj", "{E4328C6B-1C80-47CF-9378-C7A188F030D1}"
EndProject
Project("{FAE04EC0-301F-11D3-BF4B-00C04F79EFBC}") = "ZombieParty_Utility", "ZombieParty_Utility\ZombieParty_Utility.csproj", "{35479190-6F10-4D50-A874-59B8F8E625AE}"
EndProject
Project("{FAE04EC0-301F-11D3-BF4B-00C04F79EFBC}") = "ZombieParty_Models", "ZombieParty_Models\ZombieParty_Models.csproj", "{C109CA6A-EF1B-4E97-97BC-874C44DD93E4}"
EndProject
Project("{FAE04EC0-301F-11D3-BF4B-00C04F79EFBC}") = "ZombieParty_DataAccess", "ZOmbieParty_DataAccess\ZombieParty_DataAccess.csproj", "{58FCC24B-3966-4A90-B2C1-C2EDFCB892BB}"
EndProject
Global
	GlobalSection(SolutionConfigurationPlatforms) = preSolution
		Debug|Any CPU = Debug|Any CPU
		Release|Any CPU = Release|Any CPU
	EndGlobalSection
	GlobalSection(ProjectConfigurationPlatforms) = postSolution
		{E4328C6B-1C80-47CF-9378-C7A188F030D1}.Debug|Any CPU.ActiveCfg = Debug|Any CPU
		{E4328C6B-1C80-47CF-9378-C7A188F030D1}.Debug|Any CPU.Build.0 = Debug|Any CPU
		{E4328C6B-1C80-47CF-9378-C7A188F030D1}.Release|Any CPU.ActiveCfg = Release|Any CPU
		{E4328C6B-1C80-47CF-9378-C7A188F030D1}.Release|Any CPU.Build.0 = Release|Any CPU
		{35479190-6F10-4D50-A874-59B8F8E625AE}.Debug|Any CPU.ActiveCfg = Debug|Any CPU
		{35479190-6F10-4D50-A874-59B8F8E625AE}.Debug|Any CPU.Build.0 = Debug|Any CPU
		{35479190-6F10-4D50-A874-59B8F8E625AE}.Release|Any CPU.ActiveCfg = Release|Any CPU
		{35479190-6F10-4D50-A874-59B8F8E625AE}.Release|Any CPU.Build.0 = Release|Any CPU
		{C109CA6A-EF1B-4E97-97BC-874C44DD93E4}.Debug|Any CPU.ActiveCfg = Debug|Any CPU
		{C109CA6A-EF1B-4E97-97BC-874C44DD93E4}.Debug|Any CPU.Build.0 = Debug|Any CPU
		{C109CA6A-EF1B-4E97-97BC-874C44DD93E4}.Release|Any CPU.ActiveCfg = Release|Any CPU
		{C109CA6A-EF1B-4E97-97BC-874C44DD93E4}.Release|Any CPU.Build.0 = Release|Any CPU
		{58FCC24B-3966-4A90-B2C1-C2EDFCB892BB}.Debug|Any CPU.ActiveCfg = Debug|Any CPU
		{58FCC24B-3966-4A90-B2C1-C2EDFCB892BB}.Debug|Any CPU.Build.0 = Debug|Any CPU
		{58FCC24B-3966-4A90-B2C1-C2EDFCB892BB}.Release|Any CPU.ActiveCfg = Release|Any CPU
		{58FCC24B-3966-4A90-B2C1-C2EDFCB892BB}.Release|Any CPU.Build.0 = Release|Any CPU
	EndGlobalSection
	GlobalSection(SolutionProperties) = preSolution
		HideSolutionNode = FALSE
	EndGlobalSection
	GlobalSection(ExtensibilityGlobals) = postSolution
		SolutionGuid = {57F37EFD-3E08-4890-BDA7-C875BD719DAA}
	EndGlobalSection
EndGlobal
